// !$*UTF8*$!
{
	archiveVersion = 1;
	classes = {
	};
	objectVersion = 45;
	objects = {

/* Begin PBXBuildFile section */
		1D60589F0D05DD5A006BFB54 /* Foundation.framework in Frameworks */ = {isa = PBXBuildFile; fileRef = 1D30AB110D05D00D00671497 /* Foundation.framework */; };
		1DF5F4E00D08C38300B7A737 /* UIKit.framework in Frameworks */ = {isa = PBXBuildFile; fileRef = 1DF5F4DF0D08C38300B7A737 /* UIKit.framework */; };
		FA45F4780E06324B00EEC337 /* CoreLocation.framework in Frameworks */ = {isa = PBXBuildFile; fileRef = FA45F4770E06324B00EEC337 /* CoreLocation.framework */; };
		FA906AF60F3D176A00F49F6C /* WalkiesViewController.m in Sources */ = {isa = PBXBuildFile; fileRef = FA906AF50F3D176A00F49F6C /* WalkiesViewController.m */; };
		FA906B0F0F3D1E7A00F49F6C /* Walkies.xib in Resources */ = {isa = PBXBuildFile; fileRef = FA906B0E0F3D1E7A00F49F6C /* Walkies.xib */; };
		FAFB0BA90F3CE99100FB9ADC /* Default.png in Resources */ = {isa = PBXBuildFile; fileRef = FAFB0BA70F3CE99100FB9ADC /* Default.png */; };
		FAFB0BAA0F3CE99100FB9ADC /* Icon.png in Resources */ = {isa = PBXBuildFile; fileRef = FAFB0BA80F3CE99100FB9ADC /* Icon.png */; };
		FAFB0BBB0F3CEAD000FB9ADC /* MainWindow.xib in Resources */ = {isa = PBXBuildFile; fileRef = FAFB0BB80F3CEAD000FB9ADC /* MainWindow.xib */; };
		FAFB0BBD0F3CEAD000FB9ADC /* CabHereViewController.xib in Resources */ = {isa = PBXBuildFile; fileRef = FAFB0BBA0F3CEAD000FB9ADC /* CabHereViewController.xib */; };
		FAFB0BC40F3CEAD700FB9ADC /* CabHereAppDelegate.m in Sources */ = {isa = PBXBuildFile; fileRef = FAFB0BC00F3CEAD700FB9ADC /* CabHereAppDelegate.m */; };
		FAFB0BC50F3CEAD700FB9ADC /* CabHereViewController.m in Sources */ = {isa = PBXBuildFile; fileRef = FAFB0BC20F3CEAD700FB9ADC /* CabHereViewController.m */; };
		FAFB0BC60F3CEAD700FB9ADC /* main.m in Sources */ = {isa = PBXBuildFile; fileRef = FAFB0BC30F3CEAD700FB9ADC /* main.m */; };
/* End PBXBuildFile section */

/* Begin PBXFileReference section */
		1D30AB110D05D00D00671497 /* Foundation.framework */ = {isa = PBXFileReference; lastKnownFileType = wrapper.framework; name = Foundation.framework; path = System/Library/Frameworks/Foundation.framework; sourceTree = SDKROOT; };
		1D6058910D05DD3D006BFB54 /* CabHere.app */ = {isa = PBXFileReference; explicitFileType = wrapper.application; includeInIndex = 0; path = CabHere.app; sourceTree = BUILT_PRODUCTS_DIR; };
		1DF5F4DF0D08C38300B7A737 /* UIKit.framework */ = {isa = PBXFileReference; lastKnownFileType = wrapper.framework; name = UIKit.framework; path = System/Library/Frameworks/UIKit.framework; sourceTree = SDKROOT; };
		FA45F4770E06324B00EEC337 /* CoreLocation.framework */ = {isa = PBXFileReference; lastKnownFileType = wrapper.framework; name = CoreLocation.framework; path = System/Library/Frameworks/CoreLocation.framework; sourceTree = SDKROOT; };
		FA906AF40F3D176A00F49F6C /* WalkiesViewController.h */ = {isa = PBXFileReference; fileEncoding = 4; lastKnownFileType = sourcecode.c.h; path = WalkiesViewController.h; sourceTree = "<group>"; };
		FA906AF50F3D176A00F49F6C /* WalkiesViewController.m */ = {isa = PBXFileReference; fileEncoding = 4; lastKnownFileType = sourcecode.c.objc; path = WalkiesViewController.m; sourceTree = "<group>"; };
		FA906B0E0F3D1E7A00F49F6C /* Walkies.xib */ = {isa = PBXFileReference; lastKnownFileType = file.xib; path = Walkies.xib; sourceTree = "<group>"; };
		FAFB0BA20F3CE8BB00FB9ADC /* CabNotes.rtf */ = {isa = PBXFileReference; lastKnownFileType = text.rtf; path = CabNotes.rtf; sourceTree = "<group>"; };
		FAFB0BA70F3CE99100FB9ADC /* Default.png */ = {isa = PBXFileReference; lastKnownFileType = image.png; path = Default.png; sourceTree = "<group>"; };
		FAFB0BA80F3CE99100FB9ADC /* Icon.png */ = {isa = PBXFileReference; lastKnownFileType = image.png; path = Icon.png; sourceTree = "<group>"; };
		FAFB0BB70F3CEAC700FB9ADC /* CabHere_Prefix.pch */ = {isa = PBXFileReference; fileEncoding = 4; lastKnownFileType = sourcecode.c.h; path = CabHere_Prefix.pch; sourceTree = "<group>"; };
		FAFB0BB80F3CEAD000FB9ADC /* MainWindow.xib */ = {isa = PBXFileReference; lastKnownFileType = file.xib; path = MainWindow.xib; sourceTree = "<group>"; };
		FAFB0BB90F3CEAD000FB9ADC /* Info.plist */ = {isa = PBXFileReference; fileEncoding = 4; lastKnownFileType = text.plist.xml; path = Info.plist; sourceTree = "<group>"; };
		FAFB0BBA0F3CEAD000FB9ADC /* CabHereViewController.xib */ = {isa = PBXFileReference; lastKnownFileType = file.xib; path = CabHereViewController.xib; sourceTree = "<group>"; };
		FAFB0BBF0F3CEAD700FB9ADC /* CabHereAppDelegate.h */ = {isa = PBXFileReference; fileEncoding = 4; lastKnownFileType = sourcecode.c.h; path = CabHereAppDelegate.h; sourceTree = "<group>"; };
		FAFB0BC00F3CEAD700FB9ADC /* CabHereAppDelegate.m */ = {isa = PBXFileReference; fileEncoding = 4; lastKnownFileType = sourcecode.c.objc; path = CabHereAppDelegate.m; sourceTree = "<group>"; };
		FAFB0BC10F3CEAD700FB9ADC /* CabHereViewController.h */ = {isa = PBXFileReference; fileEncoding = 4; lastKnownFileType = sourcecode.c.h; path = CabHereViewController.h; sourceTree = "<group>"; };
		FAFB0BC20F3CEAD700FB9ADC /* CabHereViewController.m */ = {isa = PBXFileReference; fileEncoding = 4; lastKnownFileType = sourcecode.c.objc; path = CabHereViewController.m; sourceTree = "<group>"; };
		FAFB0BC30F3CEAD700FB9ADC /* main.m */ = {isa = PBXFileReference; fileEncoding = 4; lastKnownFileType = sourcecode.c.objc; path = main.m; sourceTree = "<group>"; };
/* End PBXFileReference section */

/* Begin PBXFrameworksBuildPhase section */
		1D60588F0D05DD3D006BFB54 /* Frameworks */ = {
			isa = PBXFrameworksBuildPhase;
			buildActionMask = 2147483647;
			files = (
				1D60589F0D05DD5A006BFB54 /* Foundation.framework in Frameworks */,
				1DF5F4E00D08C38300B7A737 /* UIKit.framework in Frameworks */,
				FA45F4780E06324B00EEC337 /* CoreLocation.framework in Frameworks */,
			);
			runOnlyForDeploymentPostprocessing = 0;
		};
/* End PBXFrameworksBuildPhase section */

/* Begin PBXGroup section */
		19C28FACFE9D520D11CA2CBB /* Products */ = {
			isa = PBXGroup;
			children = (
				1D6058910D05DD3D006BFB54 /* CabHere.app */,
			);
			name = Products;
			sourceTree = "<group>";
		};
		29B97314FDCFA39411CA2CEA /* CustomTemplate */ = {
			isa = PBXGroup;
			children = (
				FAFB0BA10F3CE8BB00FB9ADC /* notes */,
				FAFB0BBE0F3CEAD700FB9ADC /* source */,
				FAFB0BA60F3CE99100FB9ADC /* resources */,
				FAFB0BB60F3CEAC700FB9ADC /* headers */,
				29B97323FDCFA39411CA2CEA /* Frameworks */,
				19C28FACFE9D520D11CA2CBB /* Products */,
			);
			name = CustomTemplate;
			sourceTree = "<group>";
		};
		29B97323FDCFA39411CA2CEA /* Frameworks */ = {
			isa = PBXGroup;
			children = (
				FA45F4770E06324B00EEC337 /* CoreLocation.framework */,
				1D30AB110D05D00D00671497 /* Foundation.framework */,
				1DF5F4DF0D08C38300B7A737 /* UIKit.framework */,
			);
			name = Frameworks;
			sourceTree = "<group>";
		};
		FAFB0BA10F3CE8BB00FB9ADC /* notes */ = {
			isa = PBXGroup;
			children = (
				FAFB0BA20F3CE8BB00FB9ADC /* CabNotes.rtf */,
			);
			path = notes;
			sourceTree = "<group>";
		};
		FAFB0BA60F3CE99100FB9ADC /* resources */ = {
			isa = PBXGroup;
			children = (
				FAFB0BB80F3CEAD000FB9ADC /* MainWindow.xib */,
				FAFB0BBA0F3CEAD000FB9ADC /* CabHereViewController.xib */,
				FA906B0E0F3D1E7A00F49F6C /* Walkies.xib */,
				FAFB0BB90F3CEAD000FB9ADC /* Info.plist */,
				FAFB0BA70F3CE99100FB9ADC /* Default.png */,
				FAFB0BA80F3CE99100FB9ADC /* Icon.png */,
			);
			path = resources;
			sourceTree = "<group>";
		};
		FAFB0BB60F3CEAC700FB9ADC /* headers */ = {
			isa = PBXGroup;
			children = (
				FAFB0BB70F3CEAC700FB9ADC /* CabHere_Prefix.pch */,
			);
			path = headers;
			sourceTree = "<group>";
		};
		FAFB0BBE0F3CEAD700FB9ADC /* source */ = {
			isa = PBXGroup;
			children = (
				FAFB0BBF0F3CEAD700FB9ADC /* CabHereAppDelegate.h */,
				FAFB0BC00F3CEAD700FB9ADC /* CabHereAppDelegate.m */,
				FAFB0BC10F3CEAD700FB9ADC /* CabHereViewController.h */,
				FAFB0BC20F3CEAD700FB9ADC /* CabHereViewController.m */,
				FA906AF40F3D176A00F49F6C /* WalkiesViewController.h */,
				FA906AF50F3D176A00F49F6C /* WalkiesViewController.m */,
				FAFB0BC30F3CEAD700FB9ADC /* main.m */,
			);
			path = source;
			sourceTree = "<group>";
		};
/* End PBXGroup section */

/* Begin PBXNativeTarget section */
		1D6058900D05DD3D006BFB54 /* CabHere */ = {
			isa = PBXNativeTarget;
			buildConfigurationList = 1D6058960D05DD3E006BFB54 /* Build configuration list for PBXNativeTarget "CabHere" */;
			buildPhases = (
				1D60588D0D05DD3D006BFB54 /* Resources */,
				1D60588E0D05DD3D006BFB54 /* Sources */,
				1D60588F0D05DD3D006BFB54 /* Frameworks */,
			);
			buildRules = (
			);
			dependencies = (
			);
			name = CabHere;
			productName = CabHere;
			productReference = 1D6058910D05DD3D006BFB54 /* CabHere.app */;
			productType = "com.apple.product-type.application";
		};
/* End PBXNativeTarget section */

/* Begin PBXProject section */
		29B97313FDCFA39411CA2CEA /* Project object */ = {
			isa = PBXProject;
			buildConfigurationList = C01FCF4E08A954540054247B /* Build configuration list for PBXProject "CabHere" */;
			compatibilityVersion = "Xcode 3.1";
			hasScannedForEncodings = 1;
			mainGroup = 29B97314FDCFA39411CA2CEA /* CustomTemplate */;
			projectDirPath = "";
			projectRoot = "";
			targets = (
				1D6058900D05DD3D006BFB54 /* CabHere */,
			);
		};
/* End PBXProject section */

/* Begin PBXResourcesBuildPhase section */
		1D60588D0D05DD3D006BFB54 /* Resources */ = {
			isa = PBXResourcesBuildPhase;
			buildActionMask = 2147483647;
			files = (
				FAFB0BA90F3CE99100FB9ADC /* Default.png in Resources */,
				FAFB0BAA0F3CE99100FB9ADC /* Icon.png in Resources */,
				FAFB0BBB0F3CEAD000FB9ADC /* MainWindow.xib in Resources */,
				FAFB0BBD0F3CEAD000FB9ADC /* CabHereViewController.xib in Resources */,
				FA906B0F0F3D1E7A00F49F6C /* Walkies.xib in Resources */,
			);
			runOnlyForDeploymentPostprocessing = 0;
		};
/* End PBXResourcesBuildPhase section */

/* Begin PBXSourcesBuildPhase section */
		1D60588E0D05DD3D006BFB54 /* Sources */ = {
			isa = PBXSourcesBuildPhase;
			buildActionMask = 2147483647;
			files = (
				FAFB0BC40F3CEAD700FB9ADC /* CabHereAppDelegate.m in Sources */,
				FAFB0BC50F3CEAD700FB9ADC /* CabHereViewController.m in Sources */,
				FAFB0BC60F3CEAD700FB9ADC /* main.m in Sources */,
				FA906AF60F3D176A00F49F6C /* WalkiesViewController.m in Sources */,
			);
			runOnlyForDeploymentPostprocessing = 0;
		};
/* End PBXSourcesBuildPhase section */

/* Begin XCBuildConfiguration section */
		1D6058940D05DD3E006BFB54 /* Debug */ = {
			isa = XCBuildConfiguration;
			buildSettings = {
				ALWAYS_SEARCH_USER_PATHS = NO;
				COPY_PHASE_STRIP = NO;
				GCC_DYNAMIC_NO_PIC = NO;
				GCC_OPTIMIZATION_LEVEL = 0;
				GCC_PRECOMPILE_PREFIX_HEADER = YES;
				GCC_PREFIX_HEADER = headers/CabHere_Prefix.pch;
				INFOPLIST_FILE = resources/Info.plist;
				PRODUCT_NAME = CabHere;
			};
			name = Debug;
		};
		1D6058950D05DD3E006BFB54 /* Release */ = {
			isa = XCBuildConfiguration;
			buildSettings = {
				ALWAYS_SEARCH_USER_PATHS = NO;
				COPY_PHASE_STRIP = YES;
				GCC_PRECOMPILE_PREFIX_HEADER = YES;
				GCC_PREFIX_HEADER = headers/CabHere_Prefix.pch;
				INFOPLIST_FILE = resources/Info.plist;
				PRODUCT_NAME = CabHere;
			};
			name = Release;
		};
		C01FCF4F08A954540054247B /* Debug */ = {
			isa = XCBuildConfiguration;
			buildSettings = {
				ARCHS = "$(ARCHS_STANDARD_32_BIT)";
				"CODE_SIGN_IDENTITY[sdk=iphoneos*]" = "iPhone Developer";
				GCC_C_LANGUAGE_STANDARD = c99;
				GCC_WARN_ABOUT_RETURN_TYPE = YES;
				GCC_WARN_UNUSED_VARIABLE = YES;
				ONLY_ACTIVE_ARCH = YES;
				PREBINDING = NO;
				SDKROOT = iphoneos2.0;
			};
			name = Debug;
		};
		C01FCF5008A954540054247B /* Release */ = {
			isa = XCBuildConfiguration;
			buildSettings = {
				ARCHS = "$(ARCHS_STANDARD_32_BIT)";
				"CODE_SIGN_IDENTITY[sdk=iphoneos*]" = "Alex Curylo";
				GCC_C_LANGUAGE_STANDARD = c99;
				GCC_WARN_ABOUT_RETURN_TYPE = YES;
				GCC_WARN_UNUSED_VARIABLE = YES;
				PREBINDING = NO;
				"PROVISIONING_PROFILE[sdk=iphoneos*]" = "0B561F61-6C18-4ACD-8A5B-873A57DDFAC0";
				SDKROOT = iphoneos2.0;
			};
			name = Release;
		};
/* End XCBuildConfiguration section */

/* Begin XCConfigurationList section */
		1D6058960D05DD3E006BFB54 /* Build configuration list for PBXNativeTarget "CabHere" */ = {
			isa = XCConfigurationList;
			buildConfigurations = (
				1D6058940D05DD3E006BFB54 /* Debug */,
				1D6058950D05DD3E006BFB54 /* Release */,
			);
			defaultConfigurationIsVisible = 0;
			defaultConfigurationName = Release;
		};
		C01FCF4E08A954540054247B /* Build configuration list for PBXProject "CabHere" */ = {
			isa = XCConfigurationList;
			buildConfigurations = (
				C01FCF4F08A954540054247B /* Debug */,
				C01FCF5008A954540054247B /* Release */,
			);
			defaultConfigurationIsVisible = 0;
			defaultConfigurationName = Release;
		};
/* End XCConfigurationList section */
	};
	rootObject = 29B97313FDCFA39411CA2CEA /* Project object */;
}
